
Microsoft Visual Studio Solution File, Format Version 12.00
# Visual Studio Version 17
VisualStudioVersion = 17.4.33103.184
MinimumVisualStudioVersion = 10.0.40219.1
Project("{9A19103F-16F7-4668-BE54-9A1E7A4F7556}") = "komponentProjekt", "komponentProjekt\komponentProjekt.csproj", "{86F5999D-AA48-4FC0-84B2-6AA56669661A}"
EndProject
Project("{FAE04EC0-301F-11D3-BF4B-00C04F79EFBC}") = "komponentUnitTesty", "komponentUnitTesty\komponentUnitTesty.csproj", "{88257738-B0FE-45AC-AEC4-3B0E38C6A00B}"
EndProject
Global
	GlobalSection(SolutionConfigurationPlatforms) = preSolution
		Debug|Any CPU = Debug|Any CPU
		Release|Any CPU = Release|Any CPU
	EndGlobalSection
	GlobalSection(ProjectConfigurationPlatforms) = postSolution
		{86F5999D-AA48-4FC0-84B2-6AA56669661A}.Debug|Any CPU.ActiveCfg = Debug|Any CPU
		{86F5999D-AA48-4FC0-84B2-6AA56669661A}.Debug|Any CPU.Build.0 = Debug|Any CPU
		{86F5999D-AA48-4FC0-84B2-6AA56669661A}.Release|Any CPU.ActiveCfg = Release|Any CPU
		{86F5999D-AA48-4FC0-84B2-6AA56669661A}.Release|Any CPU.Build.0 = Release|Any CPU
		{88257738-B0FE-45AC-AEC4-3B0E38C6A00B}.Debug|Any CPU.ActiveCfg = Debug|Any CPU
		{88257738-B0FE-45AC-AEC4-3B0E38C6A00B}.Debug|Any CPU.Build.0 = Debug|Any CPU
		{88257738-B0FE-45AC-AEC4-3B0E38C6A00B}.Release|Any CPU.ActiveCfg = Release|Any CPU
		{88257738-B0FE-45AC-AEC4-3B0E38C6A00B}.Release|Any CPU.Build.0 = Release|Any CPU
	EndGlobalSection
	GlobalSection(SolutionProperties) = preSolution
		HideSolutionNode = FALSE
	EndGlobalSection
	GlobalSection(ExtensibilityGlobals) = postSolution
		SolutionGuid = {DEA162BB-67D0-47E4-A5BF-43F0506A5B98}
	EndGlobalSection
EndGlobal
